
Microsoft Visual Studio Solution File, Format Version 12.00
# Visual Studio 2012
Project("{8BC9CEB8-8B4A-11D0-8D11-00A0C91BC942}") = "Harvest", "Harvest\Harvest.vcxproj", "{A0E2664F-C044-46A0-9A4C-B479A2B4463C}"
EndProject
Global
	GlobalSection(SolutionConfigurationPlatforms) = preSolution
		Debug|Win32 = Debug|Win32
		Release|Win32 = Release|Win32
	EndGlobalSection
	GlobalSection(ProjectConfigurationPlatforms) = postSolution
		{A0E2664F-C044-46A0-9A4C-B479A2B4463C}.Debug|Win32.ActiveCfg = Debug|Win32
		{A0E2664F-C044-46A0-9A4C-B479A2B4463C}.Debug|Win32.Build.0 = Debug|Win32
		{A0E2664F-C044-46A0-9A4C-B479A2B4463C}.Release|Win32.ActiveCfg = Release|Win32
		{A0E2664F-C044-46A0-9A4C-B479A2B4463C}.Release|Win32.Build.0 = Release|Win32
	EndGlobalSection
	GlobalSection(SolutionProperties) = preSolution
		HideSolutionNode = FALSE
	EndGlobalSection
EndGlobal
